
Microsoft Visual Studio Solution File, Format Version 12.00
# Visual Studio 15
VisualStudioVersion = 15.0.26730.16
MinimumVisualStudioVersion = 10.0.40219.1
Project("{FAE04EC0-301F-11D3-BF4B-00C04F79EFBC}") = "ClientBD", "ClientBD\ClientBD.csproj", "{65E97C00-AC1E-4C40-B366-677E27D5BC16}"
EndProject
Project("{FAE04EC0-301F-11D3-BF4B-00C04F79EFBC}") = "ClientBD.Tests", "ClientBD.Tests\ClientBD.Tests.csproj", "{B4BE8D63-8409-4336-A9FF-35ED0BC05D94}"
EndProject
Project("{FAE04EC0-301F-11D3-BF4B-00C04F79EFBC}") = "ClientBD.Entities", "ClientBD.Entities\ClientBD.Entities.csproj", "{4771BD96-769A-44D6-A823-A3AC8215C064}"
EndProject
Project("{FAE04EC0-301F-11D3-BF4B-00C04F79EFBC}") = "ClientBD.Core", "ClientBD.Core\ClientBD.Core.csproj", "{867F15D1-5150-470A-80A7-A9FEBCD92218}"
EndProject
Global
	GlobalSection(SolutionConfigurationPlatforms) = preSolution
		Debug|Any CPU = Debug|Any CPU
		Release|Any CPU = Release|Any CPU
	EndGlobalSection
	GlobalSection(ProjectConfigurationPlatforms) = postSolution
		{65E97C00-AC1E-4C40-B366-677E27D5BC16}.Debug|Any CPU.ActiveCfg = Debug|Any CPU
		{65E97C00-AC1E-4C40-B366-677E27D5BC16}.Debug|Any CPU.Build.0 = Debug|Any CPU
		{65E97C00-AC1E-4C40-B366-677E27D5BC16}.Release|Any CPU.ActiveCfg = Release|Any CPU
		{65E97C00-AC1E-4C40-B366-677E27D5BC16}.Release|Any CPU.Build.0 = Release|Any CPU
		{B4BE8D63-8409-4336-A9FF-35ED0BC05D94}.Debug|Any CPU.ActiveCfg = Debug|Any CPU
		{B4BE8D63-8409-4336-A9FF-35ED0BC05D94}.Debug|Any CPU.Build.0 = Debug|Any CPU
		{B4BE8D63-8409-4336-A9FF-35ED0BC05D94}.Release|Any CPU.ActiveCfg = Release|Any CPU
		{B4BE8D63-8409-4336-A9FF-35ED0BC05D94}.Release|Any CPU.Build.0 = Release|Any CPU
		{4771BD96-769A-44D6-A823-A3AC8215C064}.Debug|Any CPU.ActiveCfg = Debug|Any CPU
		{4771BD96-769A-44D6-A823-A3AC8215C064}.Debug|Any CPU.Build.0 = Debug|Any CPU
		{4771BD96-769A-44D6-A823-A3AC8215C064}.Release|Any CPU.ActiveCfg = Release|Any CPU
		{4771BD96-769A-44D6-A823-A3AC8215C064}.Release|Any CPU.Build.0 = Release|Any CPU
		{867F15D1-5150-470A-80A7-A9FEBCD92218}.Debug|Any CPU.ActiveCfg = Debug|Any CPU
		{867F15D1-5150-470A-80A7-A9FEBCD92218}.Debug|Any CPU.Build.0 = Debug|Any CPU
		{867F15D1-5150-470A-80A7-A9FEBCD92218}.Release|Any CPU.ActiveCfg = Release|Any CPU
		{867F15D1-5150-470A-80A7-A9FEBCD92218}.Release|Any CPU.Build.0 = Release|Any CPU
	EndGlobalSection
	GlobalSection(SolutionProperties) = preSolution
		HideSolutionNode = FALSE
	EndGlobalSection
	GlobalSection(ExtensibilityGlobals) = postSolution
		SolutionGuid = {0CD6D8E1-B659-4F10-AE42-F20E9C3911EA}
	EndGlobalSection
EndGlobal
